
Microsoft Visual Studio Solution File, Format Version 12.00
# Visual Studio Version 17
VisualStudioVersion = 17.1.32414.318
MinimumVisualStudioVersion = 10.0.40219.1
Project("{2150E333-8FDC-42A3-9474-1A3956D46DE8}") = "DemoApplications", "DemoApplications", "{33481418-C30A-4396-A3D8-70468C8EE8CA}"
EndProject
Project("{2150E333-8FDC-42A3-9474-1A3956D46DE8}") = "Build", "Build", "{86446116-073B-400E-B218-EDF8A774051F}"
	ProjectSection(SolutionItems) = preProject
		..\..\.github\workflows\build-Toolkit.Core.yml = ..\..\.github\workflows\build-Toolkit.Core.yml
	EndProjectSection
EndProject
Project("{9A19103F-16F7-4668-BE54-9A1E7A4F7556}") = "ConsoLovers.ConsoleToolkit.Core", "..\Core\ConsoLovers.ConsoleToolkit.Core\ConsoLovers.ConsoleToolkit.Core.csproj", "{F8FDB2F9-0CA6-47A5-8264-6592DEDBCCF0}"
EndProject
Project("{9A19103F-16F7-4668-BE54-9A1E7A4F7556}") = "ConsoLovers.ConsoleToolkit.Core.UnitTests", "..\Core\ConsoLovers.ConsoleToolkit.Core.UnitTests\ConsoLovers.ConsoleToolkit.Core.UnitTests.csproj", "{9979A1E6-18B1-455E-966E-873A162D9854}"
EndProject
Project("{9A19103F-16F7-4668-BE54-9A1E7A4F7556}") = "Playground", "..\Core\DemoApplications\Playground\Playground.csproj", "{DBF33F23-2AD7-4B8D-9A00-A66440B99BF1}"
EndProject
Project("{FAE04EC0-301F-11D3-BF4B-00C04F79EFBC}") = "CommandLineEngineDemo", "..\Core\DemoApplications\CommandLineEngineDemo\CommandLineEngineDemo.csproj", "{88539BCD-2FFB-41ED-BF95-1C97D0073975}"
EndProject
Project("{FAE04EC0-301F-11D3-BF4B-00C04F79EFBC}") = "ExceptionFormatterDemo", "..\Core\DemoApplications\ExceptionFormatterDemo\ExceptionFormatterDemo.csproj", "{543F910E-1FD6-401C-A15A-070D8F17C380}"
EndProject
Project("{FAE04EC0-301F-11D3-BF4B-00C04F79EFBC}") = "XCopyApplication", "..\Core\DemoApplications\XCopyApplication\XCopyApplication.csproj", "{9C3A99DB-0AE9-4F86-9810-FBEBD8FF8493}"
EndProject
Project("{9A19103F-16F7-4668-BE54-9A1E7A4F7556}") = "InputBoxDemo", "..\Core\DemoApplications\InputBoxDemo\InputBoxDemo.csproj", "{58701FB8-1CFA-408B-9673-7C459EE1CED3}"
EndProject
Project("{FAE04EC0-301F-11D3-BF4B-00C04F79EFBC}") = "Debugger", "Debugger\Debugger.csproj", "{AAED1E3D-08DF-4274-9CBF-29EB298DEB7F}"
EndProject
Global
	GlobalSection(SolutionConfigurationPlatforms) = preSolution
		Debug|Any CPU = Debug|Any CPU
		Release|Any CPU = Release|Any CPU
	EndGlobalSection
	GlobalSection(ProjectConfigurationPlatforms) = postSolution
		{F8FDB2F9-0CA6-47A5-8264-6592DEDBCCF0}.Debug|Any CPU.ActiveCfg = Debug|Any CPU
		{F8FDB2F9-0CA6-47A5-8264-6592DEDBCCF0}.Debug|Any CPU.Build.0 = Debug|Any CPU
		{F8FDB2F9-0CA6-47A5-8264-6592DEDBCCF0}.Release|Any CPU.ActiveCfg = Release|Any CPU
		{F8FDB2F9-0CA6-47A5-8264-6592DEDBCCF0}.Release|Any CPU.Build.0 = Release|Any CPU
		{9979A1E6-18B1-455E-966E-873A162D9854}.Debug|Any CPU.ActiveCfg = Debug|Any CPU
		{9979A1E6-18B1-455E-966E-873A162D9854}.Debug|Any CPU.Build.0 = Debug|Any CPU
		{9979A1E6-18B1-455E-966E-873A162D9854}.Release|Any CPU.ActiveCfg = Release|Any CPU
		{9979A1E6-18B1-455E-966E-873A162D9854}.Release|Any CPU.Build.0 = Release|Any CPU
		{DBF33F23-2AD7-4B8D-9A00-A66440B99BF1}.Debug|Any CPU.ActiveCfg = Debug|Any CPU
		{DBF33F23-2AD7-4B8D-9A00-A66440B99BF1}.Debug|Any CPU.Build.0 = Debug|Any CPU
		{DBF33F23-2AD7-4B8D-9A00-A66440B99BF1}.Release|Any CPU.ActiveCfg = Release|Any CPU
		{DBF33F23-2AD7-4B8D-9A00-A66440B99BF1}.Release|Any CPU.Build.0 = Release|Any CPU
		{88539BCD-2FFB-41ED-BF95-1C97D0073975}.Debug|Any CPU.ActiveCfg = Debug|Any CPU
		{88539BCD-2FFB-41ED-BF95-1C97D0073975}.Debug|Any CPU.Build.0 = Debug|Any CPU
		{88539BCD-2FFB-41ED-BF95-1C97D0073975}.Release|Any CPU.ActiveCfg = Release|Any CPU
		{88539BCD-2FFB-41ED-BF95-1C97D0073975}.Release|Any CPU.Build.0 = Release|Any CPU
		{543F910E-1FD6-401C-A15A-070D8F17C380}.Debug|Any CPU.ActiveCfg = Debug|Any CPU
		{543F910E-1FD6-401C-A15A-070D8F17C380}.Debug|Any CPU.Build.0 = Debug|Any CPU
		{543F910E-1FD6-401C-A15A-070D8F17C380}.Release|Any CPU.ActiveCfg = Release|Any CPU
		{543F910E-1FD6-401C-A15A-070D8F17C380}.Release|Any CPU.Build.0 = Release|Any CPU
		{9C3A99DB-0AE9-4F86-9810-FBEBD8FF8493}.Debug|Any CPU.ActiveCfg = Debug|Any CPU
		{9C3A99DB-0AE9-4F86-9810-FBEBD8FF8493}.Debug|Any CPU.Build.0 = Debug|Any CPU
		{9C3A99DB-0AE9-4F86-9810-FBEBD8FF8493}.Release|Any CPU.ActiveCfg = Release|Any CPU
		{9C3A99DB-0AE9-4F86-9810-FBEBD8FF8493}.Release|Any CPU.Build.0 = Release|Any CPU
		{58701FB8-1CFA-408B-9673-7C459EE1CED3}.Debug|Any CPU.ActiveCfg = Debug|Any CPU
		{58701FB8-1CFA-408B-9673-7C459EE1CED3}.Debug|Any CPU.Build.0 = Debug|Any CPU
		{58701FB8-1CFA-408B-9673-7C459EE1CED3}.Release|Any CPU.ActiveCfg = Release|Any CPU
		{58701FB8-1CFA-408B-9673-7C459EE1CED3}.Release|Any CPU.Build.0 = Release|Any CPU
		{AAED1E3D-08DF-4274-9CBF-29EB298DEB7F}.Debug|Any CPU.ActiveCfg = Debug|Any CPU
		{AAED1E3D-08DF-4274-9CBF-29EB298DEB7F}.Debug|Any CPU.Build.0 = Debug|Any CPU
		{AAED1E3D-08DF-4274-9CBF-29EB298DEB7F}.Release|Any CPU.ActiveCfg = Release|Any CPU
		{AAED1E3D-08DF-4274-9CBF-29EB298DEB7F}.Release|Any CPU.Build.0 = Release|Any CPU
	EndGlobalSection
	GlobalSection(SolutionProperties) = preSolution
		HideSolutionNode = FALSE
	EndGlobalSection
	GlobalSection(NestedProjects) = preSolution
		{DBF33F23-2AD7-4B8D-9A00-A66440B99BF1} = {33481418-C30A-4396-A3D8-70468C8EE8CA}
		{88539BCD-2FFB-41ED-BF95-1C97D0073975} = {33481418-C30A-4396-A3D8-70468C8EE8CA}
		{543F910E-1FD6-401C-A15A-070D8F17C380} = {33481418-C30A-4396-A3D8-70468C8EE8CA}
		{9C3A99DB-0AE9-4F86-9810-FBEBD8FF8493} = {33481418-C30A-4396-A3D8-70468C8EE8CA}
		{58701FB8-1CFA-408B-9673-7C459EE1CED3} = {33481418-C30A-4396-A3D8-70468C8EE8CA}
	EndGlobalSection
	GlobalSection(ExtensibilityGlobals) = postSolution
		SolutionGuid = {96E66A12-23DF-4590-A1FA-F6206E6C8F89}
	EndGlobalSection
EndGlobal
