
Microsoft Visual Studio Solution File, Format Version 12.00
# Visual Studio 15
VisualStudioVersion = 15.0.28010.2041
MinimumVisualStudioVersion = 10.0.40219.1
Project("{FAE04EC0-301F-11D3-BF4B-00C04F79EFBC}") = "ConsoLovers.Extension", "ConsoLovers.Extension\ConsoLovers.Extension.csproj", "{B82C7205-5C23-4F77-999C-6B46BE130ED3}"
EndProject
Global
	GlobalSection(SolutionConfigurationPlatforms) = preSolution
		Debug|Any CPU = Debug|Any CPU
		Release|Any CPU = Release|Any CPU
	EndGlobalSection
	GlobalSection(ProjectConfigurationPlatforms) = postSolution
		{B82C7205-5C23-4F77-999C-6B46BE130ED3}.Debug|Any CPU.ActiveCfg = Debug|Any CPU
		{B82C7205-5C23-4F77-999C-6B46BE130ED3}.Debug|Any CPU.Build.0 = Debug|Any CPU
		{B82C7205-5C23-4F77-999C-6B46BE130ED3}.Release|Any CPU.ActiveCfg = Release|Any CPU
		{B82C7205-5C23-4F77-999C-6B46BE130ED3}.Release|Any CPU.Build.0 = Release|Any CPU
	EndGlobalSection
	GlobalSection(SolutionProperties) = preSolution
		HideSolutionNode = FALSE
	EndGlobalSection
	GlobalSection(ExtensibilityGlobals) = postSolution
		SolutionGuid = {63AA5E4B-F0D4-42D2-B14C-486E641DB511}
	EndGlobalSection
EndGlobal
