
Microsoft Visual Studio Solution File, Format Version 12.00
# Visual Studio Version 17
VisualStudioVersion = 17.3.32804.467
MinimumVisualStudioVersion = 10.0.40219.1
Project("{2150E333-8FDC-42A3-9474-1A3956D46DE8}") = "DemoApplications", "DemoApplications", "{33481418-C30A-4396-A3D8-70468C8EE8CA}"
EndProject
Project("{9A19103F-16F7-4668-BE54-9A1E7A4F7556}") = "ConsoLovers.ConsoleToolkit", "ConsoLovers.ConsoleToolkit\ConsoLovers.ConsoleToolkit.csproj", "{A001404C-4752-48B0-B28A-2EA524E49ADB}"
EndProject
Project("{9A19103F-16F7-4668-BE54-9A1E7A4F7556}") = "ConsoLovers.ConsoleToolkit.UnitTests", "ConsoLovers.ConsoleToolkit.UnitTests\ConsoLovers.ConsoleToolkit.UnitTests.csproj", "{5BE607F0-6E28-4BB2-B2B1-44F55142C81F}"
EndProject
Project("{9A19103F-16F7-4668-BE54-9A1E7A4F7556}") = "MatrixDemo", "DemoApplications\MatrixDemo\MatrixDemo.csproj", "{3DDF2722-EBB3-40FD-B1C7-30C0A74F6D75}"
EndProject
Project("{9A19103F-16F7-4668-BE54-9A1E7A4F7556}") = "InputBoxDemo", "DemoApplications\InputBoxDemo\InputBoxDemo.csproj", "{58701FB8-1CFA-408B-9673-7C459EE1CED3}"
EndProject
Project("{9A19103F-16F7-4668-BE54-9A1E7A4F7556}") = "ConsoleMenuExplorer", "DemoApplications\MenuExporerDemo\ConsoleMenuExplorer.csproj", "{E3B5C7F4-39BA-44DE-8124-43CECC4DA671}"
EndProject
Project("{9A19103F-16F7-4668-BE54-9A1E7A4F7556}") = "MouseInputDemo", "DemoApplications\MouseInputDemo\MouseInputDemo.csproj", "{E7BE477E-90BD-4BE9-ADD0-0A09D98546CC}"
EndProject
Project("{9A19103F-16F7-4668-BE54-9A1E7A4F7556}") = "Playground", "DemoApplications\Playground\Playground.csproj", "{E2456525-5CEB-437A-9A4E-CA07C79191AA}"
EndProject
Project("{9A19103F-16F7-4668-BE54-9A1E7A4F7556}") = "ConsoleBufferDemo", "DemoApplications\ConsoleBufferDemo\ConsoleBufferDemo.csproj", "{9871FEC7-7A7C-4AA3-9444-8F9630414127}"
EndProject
Global
	GlobalSection(SolutionConfigurationPlatforms) = preSolution
		Debug|Any CPU = Debug|Any CPU
		Release|Any CPU = Release|Any CPU
	EndGlobalSection
	GlobalSection(ProjectConfigurationPlatforms) = postSolution
		{A001404C-4752-48B0-B28A-2EA524E49ADB}.Debug|Any CPU.ActiveCfg = Debug|Any CPU
		{A001404C-4752-48B0-B28A-2EA524E49ADB}.Debug|Any CPU.Build.0 = Debug|Any CPU
		{A001404C-4752-48B0-B28A-2EA524E49ADB}.Release|Any CPU.ActiveCfg = Release|Any CPU
		{A001404C-4752-48B0-B28A-2EA524E49ADB}.Release|Any CPU.Build.0 = Release|Any CPU
		{5BE607F0-6E28-4BB2-B2B1-44F55142C81F}.Debug|Any CPU.ActiveCfg = Debug|Any CPU
		{5BE607F0-6E28-4BB2-B2B1-44F55142C81F}.Debug|Any CPU.Build.0 = Debug|Any CPU
		{5BE607F0-6E28-4BB2-B2B1-44F55142C81F}.Release|Any CPU.ActiveCfg = Release|Any CPU
		{5BE607F0-6E28-4BB2-B2B1-44F55142C81F}.Release|Any CPU.Build.0 = Release|Any CPU
		{3DDF2722-EBB3-40FD-B1C7-30C0A74F6D75}.Debug|Any CPU.ActiveCfg = Debug|Any CPU
		{3DDF2722-EBB3-40FD-B1C7-30C0A74F6D75}.Debug|Any CPU.Build.0 = Debug|Any CPU
		{3DDF2722-EBB3-40FD-B1C7-30C0A74F6D75}.Release|Any CPU.ActiveCfg = Release|Any CPU
		{3DDF2722-EBB3-40FD-B1C7-30C0A74F6D75}.Release|Any CPU.Build.0 = Release|Any CPU
		{58701FB8-1CFA-408B-9673-7C459EE1CED3}.Debug|Any CPU.ActiveCfg = Debug|Any CPU
		{58701FB8-1CFA-408B-9673-7C459EE1CED3}.Debug|Any CPU.Build.0 = Debug|Any CPU
		{58701FB8-1CFA-408B-9673-7C459EE1CED3}.Release|Any CPU.ActiveCfg = Release|Any CPU
		{58701FB8-1CFA-408B-9673-7C459EE1CED3}.Release|Any CPU.Build.0 = Release|Any CPU
		{E3B5C7F4-39BA-44DE-8124-43CECC4DA671}.Debug|Any CPU.ActiveCfg = Debug|Any CPU
		{E3B5C7F4-39BA-44DE-8124-43CECC4DA671}.Debug|Any CPU.Build.0 = Debug|Any CPU
		{E3B5C7F4-39BA-44DE-8124-43CECC4DA671}.Release|Any CPU.ActiveCfg = Release|Any CPU
		{E3B5C7F4-39BA-44DE-8124-43CECC4DA671}.Release|Any CPU.Build.0 = Release|Any CPU
		{E7BE477E-90BD-4BE9-ADD0-0A09D98546CC}.Debug|Any CPU.ActiveCfg = Debug|Any CPU
		{E7BE477E-90BD-4BE9-ADD0-0A09D98546CC}.Debug|Any CPU.Build.0 = Debug|Any CPU
		{E7BE477E-90BD-4BE9-ADD0-0A09D98546CC}.Release|Any CPU.ActiveCfg = Release|Any CPU
		{E7BE477E-90BD-4BE9-ADD0-0A09D98546CC}.Release|Any CPU.Build.0 = Release|Any CPU
		{E2456525-5CEB-437A-9A4E-CA07C79191AA}.Debug|Any CPU.ActiveCfg = Debug|Any CPU
		{E2456525-5CEB-437A-9A4E-CA07C79191AA}.Debug|Any CPU.Build.0 = Debug|Any CPU
		{E2456525-5CEB-437A-9A4E-CA07C79191AA}.Release|Any CPU.ActiveCfg = Release|Any CPU
		{E2456525-5CEB-437A-9A4E-CA07C79191AA}.Release|Any CPU.Build.0 = Release|Any CPU
		{9871FEC7-7A7C-4AA3-9444-8F9630414127}.Debug|Any CPU.ActiveCfg = Debug|Any CPU
		{9871FEC7-7A7C-4AA3-9444-8F9630414127}.Debug|Any CPU.Build.0 = Debug|Any CPU
		{9871FEC7-7A7C-4AA3-9444-8F9630414127}.Release|Any CPU.ActiveCfg = Release|Any CPU
		{9871FEC7-7A7C-4AA3-9444-8F9630414127}.Release|Any CPU.Build.0 = Release|Any CPU
	EndGlobalSection
	GlobalSection(SolutionProperties) = preSolution
		HideSolutionNode = FALSE
	EndGlobalSection
	GlobalSection(NestedProjects) = preSolution
		{3DDF2722-EBB3-40FD-B1C7-30C0A74F6D75} = {33481418-C30A-4396-A3D8-70468C8EE8CA}
		{58701FB8-1CFA-408B-9673-7C459EE1CED3} = {33481418-C30A-4396-A3D8-70468C8EE8CA}
		{E3B5C7F4-39BA-44DE-8124-43CECC4DA671} = {33481418-C30A-4396-A3D8-70468C8EE8CA}
		{E7BE477E-90BD-4BE9-ADD0-0A09D98546CC} = {33481418-C30A-4396-A3D8-70468C8EE8CA}
		{E2456525-5CEB-437A-9A4E-CA07C79191AA} = {33481418-C30A-4396-A3D8-70468C8EE8CA}
		{9871FEC7-7A7C-4AA3-9444-8F9630414127} = {33481418-C30A-4396-A3D8-70468C8EE8CA}
	EndGlobalSection
	GlobalSection(ExtensibilityGlobals) = postSolution
		SolutionGuid = {96E66A12-23DF-4590-A1FA-F6206E6C8F89}
	EndGlobalSection
EndGlobal
